
Microsoft Visual Studio Solution File, Format Version 12.00
# Visual Studio Version 17
VisualStudioVersion = 17.5.002.0
MinimumVisualStudioVersion = 10.0.40219.1
Project("{9A19103F-16F7-4668-BE54-9A1E7A4F7556}") = "todo-app", "src\todo-app.csproj", "{28351509-73A0-4D0B-B7E9-275F6571DC30}"
EndProject
Global
	GlobalSection(SolutionConfigurationPlatforms) = preSolution
		Debug|Any CPU = Debug|Any CPU
		Release|Any CPU = Release|Any CPU
	EndGlobalSection
	GlobalSection(ProjectConfigurationPlatforms) = postSolution
		{28351509-73A0-4D0B-B7E9-275F6571DC30}.Debug|Any CPU.ActiveCfg = Debug|Any CPU
		{28351509-73A0-4D0B-B7E9-275F6571DC30}.Debug|Any CPU.Build.0 = Debug|Any CPU
		{28351509-73A0-4D0B-B7E9-275F6571DC30}.Release|Any CPU.ActiveCfg = Release|Any CPU
		{28351509-73A0-4D0B-B7E9-275F6571DC30}.Release|Any CPU.Build.0 = Release|Any CPU
	EndGlobalSection
	GlobalSection(SolutionProperties) = preSolution
		HideSolutionNode = FALSE
	EndGlobalSection
	GlobalSection(ExtensibilityGlobals) = postSolution
		SolutionGuid = {421326C2-E5AB-4EFB-A90E-9E3C5DB4F91D}
	EndGlobalSection
EndGlobal
